
Microsoft Visual Studio Solution File, Format Version 12.00
# Visual Studio Version 17
VisualStudioVersion = 17.7.34018.315
MinimumVisualStudioVersion = 10.0.40219.1
Project("{FAE04EC0-301F-11D3-BF4B-00C04F79EFBC}") = "BashForum", "BashForum\BashForum.csproj", "{04A1BC3D-B5ED-4DF4-8206-62F906331FA3}"
EndProject
Global
	GlobalSection(SolutionConfigurationPlatforms) = preSolution
		Debug|Any CPU = Debug|Any CPU
		Release|Any CPU = Release|Any CPU
	EndGlobalSection
	GlobalSection(ProjectConfigurationPlatforms) = postSolution
		{04A1BC3D-B5ED-4DF4-8206-62F906331FA3}.Debug|Any CPU.ActiveCfg = Debug|Any CPU
		{04A1BC3D-B5ED-4DF4-8206-62F906331FA3}.Debug|Any CPU.Build.0 = Debug|Any CPU
		{04A1BC3D-B5ED-4DF4-8206-62F906331FA3}.Release|Any CPU.ActiveCfg = Release|Any CPU
		{04A1BC3D-B5ED-4DF4-8206-62F906331FA3}.Release|Any CPU.Build.0 = Release|Any CPU
	EndGlobalSection
	GlobalSection(SolutionProperties) = preSolution
		HideSolutionNode = FALSE
	EndGlobalSection
	GlobalSection(ExtensibilityGlobals) = postSolution
		SolutionGuid = {DA26AD23-91EE-4EBD-964C-67B8E9A7C53E}
	EndGlobalSection
EndGlobal
