
Microsoft Visual Studio Solution File, Format Version 12.00
# Visual Studio Version 17
VisualStudioVersion = 17.7.34018.315
MinimumVisualStudioVersion = 10.0.40219.1
Project("{FAE04EC0-301F-11D3-BF4B-00C04F79EFBC}") = "bashblankizdat-app", "bashblankizdat-app\bashblankizdat-app.csproj", "{EA2576D2-80BE-4BD9-8EDB-9D57A94EEBAD}"
EndProject
Global
	GlobalSection(SolutionConfigurationPlatforms) = preSolution
		Debug|Any CPU = Debug|Any CPU
		Release|Any CPU = Release|Any CPU
	EndGlobalSection
	GlobalSection(ProjectConfigurationPlatforms) = postSolution
		{EA2576D2-80BE-4BD9-8EDB-9D57A94EEBAD}.Debug|Any CPU.ActiveCfg = Debug|Any CPU
		{EA2576D2-80BE-4BD9-8EDB-9D57A94EEBAD}.Debug|Any CPU.Build.0 = Debug|Any CPU
		{EA2576D2-80BE-4BD9-8EDB-9D57A94EEBAD}.Release|Any CPU.ActiveCfg = Release|Any CPU
		{EA2576D2-80BE-4BD9-8EDB-9D57A94EEBAD}.Release|Any CPU.Build.0 = Release|Any CPU
	EndGlobalSection
	GlobalSection(SolutionProperties) = preSolution
		HideSolutionNode = FALSE
	EndGlobalSection
	GlobalSection(ExtensibilityGlobals) = postSolution
		SolutionGuid = {3312CDFD-AD34-464D-A0A1-BE9BE9FCC6F6}
	EndGlobalSection
EndGlobal
